
Microsoft Visual Studio Solution File, Format Version 12.00
# Visual Studio Version 17
VisualStudioVersion = 17.4.33403.182
MinimumVisualStudioVersion = 10.0.40219.1
Project("{FAE04EC0-301F-11D3-BF4B-00C04F79EFBC}") = "SampleGrpcService", "SampleGrpcService.csproj", "{6307FCC0-A7AD-4A61-86CF-093FE1462562}"
EndProject
Global
	GlobalSection(SolutionConfigurationPlatforms) = preSolution
		Debug|Any CPU = Debug|Any CPU
		Release|Any CPU = Release|Any CPU
	EndGlobalSection
	GlobalSection(ProjectConfigurationPlatforms) = postSolution
		{6307FCC0-A7AD-4A61-86CF-093FE1462562}.Debug|Any CPU.ActiveCfg = Debug|Any CPU
		{6307FCC0-A7AD-4A61-86CF-093FE1462562}.Debug|Any CPU.Build.0 = Debug|Any CPU
		{6307FCC0-A7AD-4A61-86CF-093FE1462562}.Release|Any CPU.ActiveCfg = Release|Any CPU
		{6307FCC0-A7AD-4A61-86CF-093FE1462562}.Release|Any CPU.Build.0 = Release|Any CPU
	EndGlobalSection
	GlobalSection(SolutionProperties) = preSolution
		HideSolutionNode = FALSE
	EndGlobalSection
	GlobalSection(ExtensibilityGlobals) = postSolution
		SolutionGuid = {2964817F-E128-48DD-B138-C7B82A82C8F7}
	EndGlobalSection
EndGlobal
